
Microsoft Visual Studio Solution File, Format Version 12.00
# Visual Studio 2012
Project("{8BC9CEB8-8B4A-11D0-8D11-00A0C91BC942}") = "BaslerLib", "BaslerLib.vcxproj", "{EA249B33-A918-403C-AD8C-BF102FDA5AD6}"
EndProject
Global
	GlobalSection(SolutionConfigurationPlatforms) = preSolution
		Debug|Win32 = Debug|Win32
		Release|Win32 = Release|Win32
	EndGlobalSection
	GlobalSection(ProjectConfigurationPlatforms) = postSolution
		{EA249B33-A918-403C-AD8C-BF102FDA5AD6}.Debug|Win32.ActiveCfg = Debug|Win32
		{EA249B33-A918-403C-AD8C-BF102FDA5AD6}.Debug|Win32.Build.0 = Debug|Win32
		{EA249B33-A918-403C-AD8C-BF102FDA5AD6}.Release|Win32.ActiveCfg = Release|Win32
		{EA249B33-A918-403C-AD8C-BF102FDA5AD6}.Release|Win32.Build.0 = Release|Win32
	EndGlobalSection
	GlobalSection(SolutionProperties) = preSolution
		HideSolutionNode = FALSE
	EndGlobalSection
EndGlobal
